
Microsoft Visual Studio Solution File, Format Version 12.00
# Visual Studio Version 16
VisualStudioVersion = 16.0.30225.117
MinimumVisualStudioVersion = 10.0.40219.1
Project("{FAE04EC0-301F-11D3-BF4B-00C04F79EFBC}") = "Codeforces Global Round 9", "Codeforces Global Round 9\Codeforces Global Round 9.csproj", "{45E2BB4C-D0DA-4039-94AE-B423C1D085C0}"
EndProject
Global
	GlobalSection(SolutionConfigurationPlatforms) = preSolution
		Debug|Any CPU = Debug|Any CPU
		Release|Any CPU = Release|Any CPU
	EndGlobalSection
	GlobalSection(ProjectConfigurationPlatforms) = postSolution
		{45E2BB4C-D0DA-4039-94AE-B423C1D085C0}.Debug|Any CPU.ActiveCfg = Debug|Any CPU
		{45E2BB4C-D0DA-4039-94AE-B423C1D085C0}.Debug|Any CPU.Build.0 = Debug|Any CPU
		{45E2BB4C-D0DA-4039-94AE-B423C1D085C0}.Release|Any CPU.ActiveCfg = Release|Any CPU
		{45E2BB4C-D0DA-4039-94AE-B423C1D085C0}.Release|Any CPU.Build.0 = Release|Any CPU
	EndGlobalSection
	GlobalSection(SolutionProperties) = preSolution
		HideSolutionNode = FALSE
	EndGlobalSection
	GlobalSection(ExtensibilityGlobals) = postSolution
		SolutionGuid = {FB449714-40E2-49F6-B837-3B6A5024B369}
	EndGlobalSection
EndGlobal
